
Microsoft Visual Studio Solution File, Format Version 12.00
# Visual Studio Version 16
VisualStudioVersion = 16.0.30114.105
MinimumVisualStudioVersion = 10.0.40219.1
Project("{2150E333-8FDC-42A3-9474-1A3956D46DE8}") = "src", "src", "{FACED160-AE76-4BA2-A45C-6D6079192C81}"
EndProject
Project("{FAE04EC0-301F-11D3-BF4B-00C04F79EFBC}") = "FactorLab.Web", "src\FactorLab.Web\FactorLab.Web.csproj", "{08F282DB-0BC1-45C1-92F2-38992575D97C}"
EndProject
Global
	GlobalSection(SolutionConfigurationPlatforms) = preSolution
		Debug|Any CPU = Debug|Any CPU
		Release|Any CPU = Release|Any CPU
	EndGlobalSection
	GlobalSection(SolutionProperties) = preSolution
		HideSolutionNode = FALSE
	EndGlobalSection
	GlobalSection(ProjectConfigurationPlatforms) = postSolution
		{08F282DB-0BC1-45C1-92F2-38992575D97C}.Debug|Any CPU.ActiveCfg = Debug|Any CPU
		{08F282DB-0BC1-45C1-92F2-38992575D97C}.Debug|Any CPU.Build.0 = Debug|Any CPU
		{08F282DB-0BC1-45C1-92F2-38992575D97C}.Release|Any CPU.ActiveCfg = Release|Any CPU
		{08F282DB-0BC1-45C1-92F2-38992575D97C}.Release|Any CPU.Build.0 = Release|Any CPU
	EndGlobalSection
	GlobalSection(NestedProjects) = preSolution
		{08F282DB-0BC1-45C1-92F2-38992575D97C} = {FACED160-AE76-4BA2-A45C-6D6079192C81}
	EndGlobalSection
EndGlobal
